
Microsoft Visual Studio Solution File, Format Version 12.00
# Visual Studio Version 16
VisualStudioVersion = 16.0.31729.503
MinimumVisualStudioVersion = 10.0.40219.1
Project("{9A19103F-16F7-4668-BE54-9A1E7A4F7556}") = "StockAnalyzer.Business", "StockAnalyzer.Business\StockAnalyzer.Business.csproj", "{A7C6203E-AA9E-4B0F-9D56-A66E2357CE2C}"
EndProject
Project("{9A19103F-16F7-4668-BE54-9A1E7A4F7556}") = "StockAnalyzer.Tests", "StockAnalyzer.Tests\StockAnalyzer.Tests.csproj", "{A225E0A7-7325-4E71-8691-1ACFCC029621}"
EndProject
Project("{9A19103F-16F7-4668-BE54-9A1E7A4F7556}") = "StockAnalyzer.Domain", "StockAnalyzer.Domain\StockAnalyzer.Domain.csproj", "{2EA502E2-EE52-4C62-9EF7-A9C6D92A5B9E}"
EndProject
Project("{9A19103F-16F7-4668-BE54-9A1E7A4F7556}") = "StockAnalyzer.Api", "StockAnalyzer.Api\StockAnalyzer.Api.csproj", "{DE48333E-D79A-4FFC-826F-2186AA2EEB52}"
EndProject
Project("{FAE04EC0-301F-11D3-BF4B-00C04F79EFBC}") = "StockAnalyzer.DataAccess", "StockAnalyzer.DataAccess\StockAnalyzer.DataAccess.csproj", "{A3BB2B5E-34DC-487F-9CCD-0B78891649C7}"
EndProject
Global
	GlobalSection(SolutionConfigurationPlatforms) = preSolution
		Debug|Any CPU = Debug|Any CPU
		Release|Any CPU = Release|Any CPU
	EndGlobalSection
	GlobalSection(ProjectConfigurationPlatforms) = postSolution
		{A7C6203E-AA9E-4B0F-9D56-A66E2357CE2C}.Debug|Any CPU.ActiveCfg = Debug|Any CPU
		{A7C6203E-AA9E-4B0F-9D56-A66E2357CE2C}.Debug|Any CPU.Build.0 = Debug|Any CPU
		{A7C6203E-AA9E-4B0F-9D56-A66E2357CE2C}.Release|Any CPU.ActiveCfg = Release|Any CPU
		{A7C6203E-AA9E-4B0F-9D56-A66E2357CE2C}.Release|Any CPU.Build.0 = Release|Any CPU
		{A225E0A7-7325-4E71-8691-1ACFCC029621}.Debug|Any CPU.ActiveCfg = Debug|Any CPU
		{A225E0A7-7325-4E71-8691-1ACFCC029621}.Debug|Any CPU.Build.0 = Debug|Any CPU
		{A225E0A7-7325-4E71-8691-1ACFCC029621}.Release|Any CPU.ActiveCfg = Release|Any CPU
		{A225E0A7-7325-4E71-8691-1ACFCC029621}.Release|Any CPU.Build.0 = Release|Any CPU
		{2EA502E2-EE52-4C62-9EF7-A9C6D92A5B9E}.Debug|Any CPU.ActiveCfg = Debug|Any CPU
		{2EA502E2-EE52-4C62-9EF7-A9C6D92A5B9E}.Debug|Any CPU.Build.0 = Debug|Any CPU
		{2EA502E2-EE52-4C62-9EF7-A9C6D92A5B9E}.Release|Any CPU.ActiveCfg = Release|Any CPU
		{2EA502E2-EE52-4C62-9EF7-A9C6D92A5B9E}.Release|Any CPU.Build.0 = Release|Any CPU
		{DE48333E-D79A-4FFC-826F-2186AA2EEB52}.Debug|Any CPU.ActiveCfg = Debug|Any CPU
		{DE48333E-D79A-4FFC-826F-2186AA2EEB52}.Debug|Any CPU.Build.0 = Debug|Any CPU
		{DE48333E-D79A-4FFC-826F-2186AA2EEB52}.Release|Any CPU.ActiveCfg = Release|Any CPU
		{DE48333E-D79A-4FFC-826F-2186AA2EEB52}.Release|Any CPU.Build.0 = Release|Any CPU
		{A3BB2B5E-34DC-487F-9CCD-0B78891649C7}.Debug|Any CPU.ActiveCfg = Debug|Any CPU
		{A3BB2B5E-34DC-487F-9CCD-0B78891649C7}.Debug|Any CPU.Build.0 = Debug|Any CPU
		{A3BB2B5E-34DC-487F-9CCD-0B78891649C7}.Release|Any CPU.ActiveCfg = Release|Any CPU
		{A3BB2B5E-34DC-487F-9CCD-0B78891649C7}.Release|Any CPU.Build.0 = Release|Any CPU
	EndGlobalSection
	GlobalSection(SolutionProperties) = preSolution
		HideSolutionNode = FALSE
	EndGlobalSection
	GlobalSection(ExtensibilityGlobals) = postSolution
		SolutionGuid = {A3835ECC-1691-4674-8492-60D017178F95}
	EndGlobalSection
EndGlobal
