
Microsoft Visual Studio Solution File, Format Version 12.00
# Visual Studio Version 16
VisualStudioVersion = 16.0.31729.503
MinimumVisualStudioVersion = 10.0.40219.1
Project("{FAE04EC0-301F-11D3-BF4B-00C04F79EFBC}") = "StockAnalyzer.Business", "StockAnalyzer.Business\StockAnalyzer.Business.csproj", "{683D1FB2-4A95-429C-9C9A-19CF1984C28D}"
EndProject
Global
	GlobalSection(SolutionConfigurationPlatforms) = preSolution
		Debug|Any CPU = Debug|Any CPU
		Release|Any CPU = Release|Any CPU
	EndGlobalSection
	GlobalSection(ProjectConfigurationPlatforms) = postSolution
		{683D1FB2-4A95-429C-9C9A-19CF1984C28D}.Debug|Any CPU.ActiveCfg = Debug|Any CPU
		{683D1FB2-4A95-429C-9C9A-19CF1984C28D}.Debug|Any CPU.Build.0 = Debug|Any CPU
		{683D1FB2-4A95-429C-9C9A-19CF1984C28D}.Release|Any CPU.ActiveCfg = Release|Any CPU
		{683D1FB2-4A95-429C-9C9A-19CF1984C28D}.Release|Any CPU.Build.0 = Release|Any CPU
	EndGlobalSection
	GlobalSection(SolutionProperties) = preSolution
		HideSolutionNode = FALSE
	EndGlobalSection
	GlobalSection(ExtensibilityGlobals) = postSolution
		SolutionGuid = {AE4AAD81-B439-44D1-9C0C-41F6483EC7FF}
	EndGlobalSection
EndGlobal
